
Microsoft Visual Studio Solution File, Format Version 12.00
# Visual Studio Version 17
VisualStudioVersion = 17.14.36414.22 d17.14
MinimumVisualStudioVersion = 10.0.40219.1
Project("{FAE04EC0-301F-11D3-BF4B-00C04F79EFBC}") = "Fall2025-Project1-cmharland", "Fall2025-Project1-cmharland.csproj", "{36B084D4-ADEE-494C-818E-DE2F35D040DD}"
EndProject
Global
	GlobalSection(SolutionConfigurationPlatforms) = preSolution
		Debug|Any CPU = Debug|Any CPU
		Release|Any CPU = Release|Any CPU
	EndGlobalSection
	GlobalSection(ProjectConfigurationPlatforms) = postSolution
		{36B084D4-ADEE-494C-818E-DE2F35D040DD}.Debug|Any CPU.ActiveCfg = Debug|Any CPU
		{36B084D4-ADEE-494C-818E-DE2F35D040DD}.Debug|Any CPU.Build.0 = Debug|Any CPU
		{36B084D4-ADEE-494C-818E-DE2F35D040DD}.Release|Any CPU.ActiveCfg = Release|Any CPU
		{36B084D4-ADEE-494C-818E-DE2F35D040DD}.Release|Any CPU.Build.0 = Release|Any CPU
	EndGlobalSection
	GlobalSection(SolutionProperties) = preSolution
		HideSolutionNode = FALSE
	EndGlobalSection
	GlobalSection(ExtensibilityGlobals) = postSolution
		SolutionGuid = {F1218E61-F647-4B40-B4C5-7CCF97BD9AD7}
	EndGlobalSection
EndGlobal
